{
	"name": "@nativecode/tfc-core",
	"version": "1.0.0",
	"lockfileVersion": 1,
	"requires": true,
	"dependencies": {
		"@nofrills/types": {
			"version": "5.0.1",
			"resolved": "https://registry.npmjs.org/@nofrills/types/-/types-5.0.1.tgz",
			"integrity": "sha512-ZvWoKpRwL9OMj+YvUG6YQoKo7+NYzybKjzv3X/YrwulgcBgbjsFwzOshddBmrNGUtW+Yh9ho5AdGIyHJTM7HJg==",
			"requires": {
				"deepmerge": "^4.0.0",
				"validator": "^11.1.0",
				"zipcodes-regex": "^1.0.2"
			}
		},
		"@sinonjs/commons": {
			"version": "1.6.0",
			"resolved": "https://registry.npmjs.org/@sinonjs/commons/-/commons-1.6.0.tgz",
			"integrity": "sha512-w4/WHG7C4WWFyE5geCieFJF6MZkbW4VAriol5KlmQXpAQdxvV0p26sqNZOW6Qyw6Y0l9K4g+cHvvczR2sEEpqg==",
			"dev": true,
			"requires": {
				"type-detect": "4.0.8"
			}
		},
		"@sinonjs/formatio": {
			"version": "3.2.1",
			"resolved": "https://registry.npmjs.org/@sinonjs/formatio/-/formatio-3.2.1.tgz",
			"integrity": "sha512-tsHvOB24rvyvV2+zKMmPkZ7dXX6LSLKZ7aOtXY6Edklp0uRcgGpOsQTTGTcWViFyx4uhWc6GV8QdnALbIbIdeQ==",
			"dev": true,
			"requires": {
				"@sinonjs/commons": "^1",
				"@sinonjs/samsam": "^3.1.0"
			}
		},
		"@sinonjs/samsam": {
			"version": "3.3.3",
			"resolved": "https://registry.npmjs.org/@sinonjs/samsam/-/samsam-3.3.3.tgz",
			"integrity": "sha512-bKCMKZvWIjYD0BLGnNrxVuw4dkWCYsLqFOUWw8VgKF/+5Y+mE7LfHWPIYoDXowH+3a9LsWDMo0uAP8YDosPvHQ==",
			"dev": true,
			"requires": {
				"@sinonjs/commons": "^1.3.0",
				"array-from": "^2.1.1",
				"lodash": "^4.17.15"
			}
		},
		"@sinonjs/text-encoding": {
			"version": "0.7.1",
			"resolved": "https://registry.npmjs.org/@sinonjs/text-encoding/-/text-encoding-0.7.1.tgz",
			"integrity": "sha512-+iTbntw2IZPb/anVDbypzfQa+ay64MW0Zo8aJ8gZPWMMK6/OubMVb6lUPMagqjOPnmtauXnFCACVl3O7ogjeqQ==",
			"dev": true
		},
		"@types/chai": {
			"version": "4.2.0",
			"resolved": "https://registry.npmjs.org/@types/chai/-/chai-4.2.0.tgz",
			"integrity": "sha512-zw8UvoBEImn392tLjxoavuonblX/4Yb9ha4KBU10FirCfwgzhKO0dvyJSF9ByxV1xK1r2AgnAi/tvQaLgxQqxA==",
			"dev": true
		},
		"@types/chai-as-promised": {
			"version": "7.1.2",
			"resolved": "https://registry.npmjs.org/@types/chai-as-promised/-/chai-as-promised-7.1.2.tgz",
			"integrity": "sha512-PO2gcfR3Oxa+u0QvECLe1xKXOqYTzCmWf0FhLhjREoW3fPAVamjihL7v1MOVLJLsnAMdLcjkfrs01yvDMwVK4Q==",
			"dev": true,
			"requires": {
				"@types/chai": "*"
			}
		},
		"@types/execa": {
			"version": "2.0.0",
			"resolved": "https://registry.npmjs.org/@types/execa/-/execa-2.0.0.tgz",
			"integrity": "sha512-aBnkJ0r3khaZkHzu9pDZeWXrDg1N/ZtDGRQkK+KIqNVvvTvW+URXMUHQQCQMYdb2GPrcwu9Fq6l9iiT+pirIbg==",
			"dev": true,
			"requires": {
				"execa": "*"
			}
		},
		"@types/sinon": {
			"version": "7.0.13",
			"resolved": "https://registry.npmjs.org/@types/sinon/-/sinon-7.0.13.tgz",
			"integrity": "sha512-d7c/C/+H/knZ3L8/cxhicHUiTDxdgap0b/aNJfsmLwFu/iOP17mdgbQsbHA3SJmrzsjD0l3UEE5SN4xxuz5ung==",
			"dev": true
		},
		"array-from": {
			"version": "2.1.1",
			"resolved": "https://registry.npmjs.org/array-from/-/array-from-2.1.1.tgz",
			"integrity": "sha1-z+nYwmYoudxa7MYqn12PHzUsEZU=",
			"dev": true
		},
		"assertion-error": {
			"version": "1.1.0",
			"resolved": "https://registry.npmjs.org/assertion-error/-/assertion-error-1.1.0.tgz",
			"integrity": "sha512-jgsaNduz+ndvGyFt3uSuWqvy4lCnIJiovtouQN5JZHOKCS2QuhEdbcQHFhVksz2N2U9hXJo8odG7ETyWlEeuDw==",
			"dev": true
		},
		"chai": {
			"version": "4.2.0",
			"resolved": "https://registry.npmjs.org/chai/-/chai-4.2.0.tgz",
			"integrity": "sha512-XQU3bhBukrOsQCuwZndwGcCVQHyZi53fQ6Ys1Fym7E4olpIqqZZhhoFJoaKVvV17lWQoXYwgWN2nF5crA8J2jw==",
			"dev": true,
			"requires": {
				"assertion-error": "^1.1.0",
				"check-error": "^1.0.2",
				"deep-eql": "^3.0.1",
				"get-func-name": "^2.0.0",
				"pathval": "^1.1.0",
				"type-detect": "^4.0.5"
			}
		},
		"chai-as-promised": {
			"version": "7.1.1",
			"resolved": "https://registry.npmjs.org/chai-as-promised/-/chai-as-promised-7.1.1.tgz",
			"integrity": "sha512-azL6xMoi+uxu6z4rhWQ1jbdUhOMhis2PvscD/xjLqNMkv3BPPp2JyyuTHOrf9BOosGpNQ11v6BKv/g57RXbiaA==",
			"dev": true,
			"requires": {
				"check-error": "^1.0.2"
			}
		},
		"check-error": {
			"version": "1.0.2",
			"resolved": "https://registry.npmjs.org/check-error/-/check-error-1.0.2.tgz",
			"integrity": "sha1-V00xLt2Iu13YkS6Sht1sCu1KrII=",
			"dev": true
		},
		"cross-spawn": {
			"version": "6.0.5",
			"resolved": "https://registry.npmjs.org/cross-spawn/-/cross-spawn-6.0.5.tgz",
			"integrity": "sha512-eTVLrBSt7fjbDygz805pMnstIs2VTBNkRm0qxZd+M7A5XDdxVRWO5MxGBXZhjY4cqLYLdtrGqRf8mBPmzwSpWQ==",
			"requires": {
				"nice-try": "^1.0.4",
				"path-key": "^2.0.1",
				"semver": "^5.5.0",
				"shebang-command": "^1.2.0",
				"which": "^1.2.9"
			}
		},
		"deep-eql": {
			"version": "3.0.1",
			"resolved": "https://registry.npmjs.org/deep-eql/-/deep-eql-3.0.1.tgz",
			"integrity": "sha512-+QeIQyN5ZuO+3Uk5DYh6/1eKO0m0YmJFGNmFHGACpf1ClL1nmlV/p4gNgbl2pJGxgXb4faqo6UE+M5ACEMyVcw==",
			"dev": true,
			"requires": {
				"type-detect": "^4.0.0"
			}
		},
		"deepmerge": {
			"version": "4.0.0",
			"resolved": "https://registry.npmjs.org/deepmerge/-/deepmerge-4.0.0.tgz",
			"integrity": "sha512-YZ1rOP5+kHor4hMAH+HRQnBQHg+wvS1un1hAOuIcxcBy0hzcUf6Jg2a1w65kpoOUnurOfZbERwjI1TfZxNjcww=="
		},
		"diff": {
			"version": "3.5.0",
			"resolved": "https://registry.npmjs.org/diff/-/diff-3.5.0.tgz",
			"integrity": "sha512-A46qtFgd+g7pDZinpnwiRJtxbC1hpgf0uzP3iG89scHk0AUC7A1TGxf5OiiOUv/JMZR8GOt8hL900hV0bOy5xA==",
			"dev": true
		},
		"end-of-stream": {
			"version": "1.4.1",
			"resolved": "https://registry.npmjs.org/end-of-stream/-/end-of-stream-1.4.1.tgz",
			"integrity": "sha512-1MkrZNvWTKCaigbn+W15elq2BB/L22nqrSY5DKlo3X6+vclJm8Bb5djXJBmEX6fS3+zCh/F4VBK5Z2KxJt4s2Q==",
			"requires": {
				"once": "^1.4.0"
			}
		},
		"execa": {
			"version": "2.0.4",
			"resolved": "https://registry.npmjs.org/execa/-/execa-2.0.4.tgz",
			"integrity": "sha512-VcQfhuGD51vQUQtKIq2fjGDLDbL6N1DTQVpYzxZ7LPIXw3HqTuIz6uxRmpV1qf8i31LHf2kjiaGI+GdHwRgbnQ==",
			"requires": {
				"cross-spawn": "^6.0.5",
				"get-stream": "^5.0.0",
				"is-stream": "^2.0.0",
				"merge-stream": "^2.0.0",
				"npm-run-path": "^3.0.0",
				"onetime": "^5.1.0",
				"p-finally": "^2.0.0",
				"signal-exit": "^3.0.2",
				"strip-final-newline": "^2.0.0"
			}
		},
		"get-func-name": {
			"version": "2.0.0",
			"resolved": "https://registry.npmjs.org/get-func-name/-/get-func-name-2.0.0.tgz",
			"integrity": "sha1-6td0q+5y4gQJQzoGY2YCPdaIekE=",
			"dev": true
		},
		"get-stream": {
			"version": "5.1.0",
			"resolved": "https://registry.npmjs.org/get-stream/-/get-stream-5.1.0.tgz",
			"integrity": "sha512-EXr1FOzrzTfGeL0gQdeFEvOMm2mzMOglyiOXSTpPC+iAjAKftbr3jpCMWynogwYnM+eSj9sHGc6wjIcDvYiygw==",
			"requires": {
				"pump": "^3.0.0"
			}
		},
		"has-flag": {
			"version": "3.0.0",
			"resolved": "https://registry.npmjs.org/has-flag/-/has-flag-3.0.0.tgz",
			"integrity": "sha1-tdRU3CGZriJWmfNGfloH87lVuv0=",
			"dev": true
		},
		"is-stream": {
			"version": "2.0.0",
			"resolved": "https://registry.npmjs.org/is-stream/-/is-stream-2.0.0.tgz",
			"integrity": "sha512-XCoy+WlUr7d1+Z8GgSuXmpuUFC9fOhRXglJMx+dwLKTkL44Cjd4W1Z5P+BQZpr+cR93aGP4S/s7Ftw6Nd/kiEw=="
		},
		"isarray": {
			"version": "0.0.1",
			"resolved": "https://registry.npmjs.org/isarray/-/isarray-0.0.1.tgz",
			"integrity": "sha1-ihis/Kmo9Bd+Cav8YDiTmwXR7t8=",
			"dev": true
		},
		"isexe": {
			"version": "2.0.0",
			"resolved": "https://registry.npmjs.org/isexe/-/isexe-2.0.0.tgz",
			"integrity": "sha1-6PvzdNxVb/iUehDcsFctYz8s+hA="
		},
		"just-extend": {
			"version": "4.0.2",
			"resolved": "https://registry.npmjs.org/just-extend/-/just-extend-4.0.2.tgz",
			"integrity": "sha512-FrLwOgm+iXrPV+5zDU6Jqu4gCRXbWEQg2O3SKONsWE4w7AXFRkryS53bpWdaL9cNol+AmR3AEYz6kn+o0fCPnw==",
			"dev": true
		},
		"lodash": {
			"version": "4.17.15",
			"resolved": "https://registry.npmjs.org/lodash/-/lodash-4.17.15.tgz",
			"integrity": "sha512-8xOcRHvCjnocdS5cpwXQXVzmmh5e5+saE2QGoeQmbKmRS6J3VQppPOIt0MnmE+4xlZoumy0GPG0D0MVIQbNA1A==",
			"dev": true
		},
		"lolex": {
			"version": "4.2.0",
			"resolved": "https://registry.npmjs.org/lolex/-/lolex-4.2.0.tgz",
			"integrity": "sha512-gKO5uExCXvSm6zbF562EvM+rd1kQDnB9AZBbiQVzf1ZmdDpxUSvpnAaVOP83N/31mRK8Ml8/VE8DMvsAZQ+7wg==",
			"dev": true
		},
		"merge-stream": {
			"version": "2.0.0",
			"resolved": "https://registry.npmjs.org/merge-stream/-/merge-stream-2.0.0.tgz",
			"integrity": "sha512-abv/qOcuPfk3URPfDzmZU1LKmuw8kT+0nIHvKrKgFrwifol/doWcdA4ZqsWQ8ENrFKkd67Mfpo/LovbIUsbt3w=="
		},
		"mimic-fn": {
			"version": "2.1.0",
			"resolved": "https://registry.npmjs.org/mimic-fn/-/mimic-fn-2.1.0.tgz",
			"integrity": "sha512-OqbOk5oEQeAZ8WXWydlu9HJjz9WVdEIvamMCcXmuqUYjTknH/sqsWvhQ3vgwKFRR1HpjvNBKQ37nbJgYzGqGcg=="
		},
		"nice-try": {
			"version": "1.0.5",
			"resolved": "https://registry.npmjs.org/nice-try/-/nice-try-1.0.5.tgz",
			"integrity": "sha512-1nh45deeb5olNY7eX82BkPO7SSxR5SSYJiPTrTdFUVYwAl8CKMA5N9PjTYkHiRjisVcxcQ1HXdLhx2qxxJzLNQ=="
		},
		"nise": {
			"version": "1.5.2",
			"resolved": "https://registry.npmjs.org/nise/-/nise-1.5.2.tgz",
			"integrity": "sha512-/6RhOUlicRCbE9s+94qCUsyE+pKlVJ5AhIv+jEE7ESKwnbXqulKZ1FYU+XAtHHWE9TinYvAxDUJAb912PwPoWA==",
			"dev": true,
			"requires": {
				"@sinonjs/formatio": "^3.2.1",
				"@sinonjs/text-encoding": "^0.7.1",
				"just-extend": "^4.0.2",
				"lolex": "^4.1.0",
				"path-to-regexp": "^1.7.0"
			}
		},
		"npm-run-path": {
			"version": "3.1.0",
			"resolved": "https://registry.npmjs.org/npm-run-path/-/npm-run-path-3.1.0.tgz",
			"integrity": "sha512-Dbl4A/VfiVGLgQv29URL9xshU8XDY1GeLy+fsaZ1AA8JDSfjvr5P5+pzRbWqRSBxk6/DW7MIh8lTM/PaGnP2kg==",
			"requires": {
				"path-key": "^3.0.0"
			},
			"dependencies": {
				"path-key": {
					"version": "3.1.0",
					"resolved": "https://registry.npmjs.org/path-key/-/path-key-3.1.0.tgz",
					"integrity": "sha512-8cChqz0RP6SHJkMt48FW0A7+qUOn+OsnOsVtzI59tZ8m+5bCSk7hzwET0pulwOM2YMn9J1efb07KB9l9f30SGg=="
				}
			}
		},
		"once": {
			"version": "1.4.0",
			"resolved": "https://registry.npmjs.org/once/-/once-1.4.0.tgz",
			"integrity": "sha1-WDsap3WWHUsROsF9nFC6753Xa9E=",
			"requires": {
				"wrappy": "1"
			}
		},
		"onetime": {
			"version": "5.1.0",
			"resolved": "https://registry.npmjs.org/onetime/-/onetime-5.1.0.tgz",
			"integrity": "sha512-5NcSkPHhwTVFIQN+TUqXoS5+dlElHXdpAWu9I0HP20YOtIi+aZ0Ct82jdlILDxjLEAWwvm+qj1m6aEtsDVmm6Q==",
			"requires": {
				"mimic-fn": "^2.1.0"
			}
		},
		"p-finally": {
			"version": "2.0.1",
			"resolved": "https://registry.npmjs.org/p-finally/-/p-finally-2.0.1.tgz",
			"integrity": "sha512-vpm09aKwq6H9phqRQzecoDpD8TmVyGw70qmWlyq5onxY7tqyTTFVvxMykxQSQKILBSFlbXpypIw2T1Ml7+DDtw=="
		},
		"path-key": {
			"version": "2.0.1",
			"resolved": "https://registry.npmjs.org/path-key/-/path-key-2.0.1.tgz",
			"integrity": "sha1-QRyttXTFoUDTpLGRDUDYDMn0C0A="
		},
		"path-to-regexp": {
			"version": "1.7.0",
			"resolved": "https://registry.npmjs.org/path-to-regexp/-/path-to-regexp-1.7.0.tgz",
			"integrity": "sha1-Wf3g9DW62suhA6hOnTvGTpa5k30=",
			"dev": true,
			"requires": {
				"isarray": "0.0.1"
			}
		},
		"pathval": {
			"version": "1.1.0",
			"resolved": "https://registry.npmjs.org/pathval/-/pathval-1.1.0.tgz",
			"integrity": "sha1-uULm1L3mUwBe9rcTYd74cn0GReA=",
			"dev": true
		},
		"pump": {
			"version": "3.0.0",
			"resolved": "https://registry.npmjs.org/pump/-/pump-3.0.0.tgz",
			"integrity": "sha512-LwZy+p3SFs1Pytd/jYct4wpv49HiYCqd9Rlc5ZVdk0V+8Yzv6jR5Blk3TRmPL1ft69TxP0IMZGJ+WPFU2BFhww==",
			"requires": {
				"end-of-stream": "^1.1.0",
				"once": "^1.3.1"
			}
		},
		"semver": {
			"version": "5.7.1",
			"resolved": "https://registry.npmjs.org/semver/-/semver-5.7.1.tgz",
			"integrity": "sha512-sauaDf/PZdVgrLTNYHRtpXa1iRiKcaebiKQ1BJdpQlWH2lCvexQdX55snPFyK7QzpudqbCI0qXFfOasHdyNDGQ=="
		},
		"shebang-command": {
			"version": "1.2.0",
			"resolved": "https://registry.npmjs.org/shebang-command/-/shebang-command-1.2.0.tgz",
			"integrity": "sha1-RKrGW2lbAzmJaMOfNj/uXer98eo=",
			"requires": {
				"shebang-regex": "^1.0.0"
			}
		},
		"shebang-regex": {
			"version": "1.0.0",
			"resolved": "https://registry.npmjs.org/shebang-regex/-/shebang-regex-1.0.0.tgz",
			"integrity": "sha1-2kL0l0DAtC2yypcoVxyxkMmO/qM="
		},
		"signal-exit": {
			"version": "3.0.2",
			"resolved": "https://registry.npmjs.org/signal-exit/-/signal-exit-3.0.2.tgz",
			"integrity": "sha1-tf3AjxKH6hF4Yo5BXiUTK3NkbG0="
		},
		"sinon": {
			"version": "7.4.1",
			"resolved": "https://registry.npmjs.org/sinon/-/sinon-7.4.1.tgz",
			"integrity": "sha512-7s9buHGHN/jqoy/v4bJgmt0m1XEkCEd/tqdHXumpBp0JSujaT4Ng84JU5wDdK4E85ZMq78NuDe0I3NAqXY8TFg==",
			"dev": true,
			"requires": {
				"@sinonjs/commons": "^1.4.0",
				"@sinonjs/formatio": "^3.2.1",
				"@sinonjs/samsam": "^3.3.2",
				"diff": "^3.5.0",
				"lolex": "^4.2.0",
				"nise": "^1.5.1",
				"supports-color": "^5.5.0"
			}
		},
		"strip-final-newline": {
			"version": "2.0.0",
			"resolved": "https://registry.npmjs.org/strip-final-newline/-/strip-final-newline-2.0.0.tgz",
			"integrity": "sha512-BrpvfNAE3dcvq7ll3xVumzjKjZQ5tI1sEUIKr3Uoks0XUl45St3FlatVqef9prk4jRDzhW6WZg+3bk93y6pLjA=="
		},
		"supports-color": {
			"version": "5.5.0",
			"resolved": "https://registry.npmjs.org/supports-color/-/supports-color-5.5.0.tgz",
			"integrity": "sha512-QjVjwdXIt408MIiAqCX4oUKsgU2EqAGzs2Ppkm4aQYbjm+ZEWEcW4SfFNTr4uMNZma0ey4f5lgLrkB0aX0QMow==",
			"dev": true,
			"requires": {
				"has-flag": "^3.0.0"
			}
		},
		"type-detect": {
			"version": "4.0.8",
			"resolved": "https://registry.npmjs.org/type-detect/-/type-detect-4.0.8.tgz",
			"integrity": "sha512-0fr/mIH1dlO+x7TlcMy+bIDqKPsw/70tVyeHW787goQjhmqaZe10uwLujubK9q9Lg6Fiho1KUKDYz0Z7k7g5/g==",
			"dev": true
		},
		"validator": {
			"version": "11.1.0",
			"resolved": "https://registry.npmjs.org/validator/-/validator-11.1.0.tgz",
			"integrity": "sha512-qiQ5ktdO7CD6C/5/mYV4jku/7qnqzjrxb3C/Q5wR3vGGinHTgJZN/TdFT3ZX4vXhX2R1PXx42fB1cn5W+uJ4lg=="
		},
		"which": {
			"version": "1.3.1",
			"resolved": "https://registry.npmjs.org/which/-/which-1.3.1.tgz",
			"integrity": "sha512-HxJdYWq1MTIQbJ3nw0cqssHoTNU267KlrDuGZ1WYlxDStUtKUhOaJmh112/TZmHxxUfuJqPXSOm7tDyas0OSIQ==",
			"requires": {
				"isexe": "^2.0.0"
			}
		},
		"wrappy": {
			"version": "1.0.2",
			"resolved": "https://registry.npmjs.org/wrappy/-/wrappy-1.0.2.tgz",
			"integrity": "sha1-tSQ9jz7BqjXxNkYFvA0QNuMKtp8="
		},
		"zipcodes-regex": {
			"version": "1.0.2",
			"resolved": "https://registry.npmjs.org/zipcodes-regex/-/zipcodes-regex-1.0.2.tgz",
			"integrity": "sha512-kaY7LfappD2/cT1CG9BYVRGCeXXI7HucGwLjwxNAEWzEBF/TJKnCBQJfovtvTwMb4eEmIRDFjGhDeZK5WDexCw=="
		}
	}
}
